// !$*UTF8*$!
{
	archiveVersion = 1;
	classes = {
	};
	objectVersion = 55;
	objects = {

/* Begin PBXBuildFile section */
		631146F427BCEBDE00FCC596 /* TranslateService.swift in Sources */ = {isa = PBXBuildFile; fileRef = 631146F327BCEBDE00FCC596 /* TranslateService.swift */; };
		633C121D275503A1006CA6D7 /* AppDelegate.swift in Sources */ = {isa = PBXBuildFile; fileRef = 633C121C275503A1006CA6D7 /* AppDelegate.swift */; };
		633C121F275503A1006CA6D7 /* SceneDelegate.swift in Sources */ = {isa = PBXBuildFile; fileRef = 633C121E275503A1006CA6D7 /* SceneDelegate.swift */; };
		633C1221275503A1006CA6D7 /* ViewController.swift in Sources */ = {isa = PBXBuildFile; fileRef = 633C1220275503A1006CA6D7 /* ViewController.swift */; };
		633C1224275503A1006CA6D7 /* Main.storyboard in Resources */ = {isa = PBXBuildFile; fileRef = 633C1222275503A1006CA6D7 /* Main.storyboard */; };
		633C1229275503A2006CA6D7 /* LaunchScreen.storyboard in Resources */ = {isa = PBXBuildFile; fileRef = 633C1227275503A2006CA6D7 /* LaunchScreen.storyboard */; };
		633C1234275503A2006CA6D7 /* WeatherServiceTest.swift in Sources */ = {isa = PBXBuildFile; fileRef = 633C1233275503A2006CA6D7 /* WeatherServiceTest.swift */; };
		633C123E275503A2006CA6D7 /* BaluchonUITests.swift in Sources */ = {isa = PBXBuildFile; fileRef = 633C123D275503A2006CA6D7 /* BaluchonUITests.swift */; };
		633C1240275503A2006CA6D7 /* BaluchonUITestsLaunchTests.swift in Sources */ = {isa = PBXBuildFile; fileRef = 633C123F275503A2006CA6D7 /* BaluchonUITestsLaunchTests.swift */; };
		633C124D2755056E006CA6D7 /* TranslateViewController.swift in Sources */ = {isa = PBXBuildFile; fileRef = 633C124C2755056E006CA6D7 /* TranslateViewController.swift */; };
		633C124F275505D1006CA6D7 /* CurrencyViewController.swift in Sources */ = {isa = PBXBuildFile; fileRef = 633C124E275505D1006CA6D7 /* CurrencyViewController.swift */; };
		633C1253275507A0006CA6D7 /* WeatherViewController.swift in Sources */ = {isa = PBXBuildFile; fileRef = 633C1252275507A0006CA6D7 /* WeatherViewController.swift */; };
		633C125827550A00006CA6D7 /* CurrencyService.swift in Sources */ = {isa = PBXBuildFile; fileRef = 633C125727550A00006CA6D7 /* CurrencyService.swift */; };
		634A60E427D10E6D00E2B0F2 /* WeatherData.swift in Sources */ = {isa = PBXBuildFile; fileRef = 634A60E327D10E6D00E2B0F2 /* WeatherData.swift */; };
		634A60E827D1105D00E2B0F2 /* Currency.swift in Sources */ = {isa = PBXBuildFile; fileRef = 634A60E727D1105D00E2B0F2 /* Currency.swift */; };
		634A60EA27D1127C00E2B0F2 /* CurrencyData.swift in Sources */ = {isa = PBXBuildFile; fileRef = 634A60E927D1127C00E2B0F2 /* CurrencyData.swift */; };
		634A60EC27D112F000E2B0F2 /* Translate.swift in Sources */ = {isa = PBXBuildFile; fileRef = 634A60EB27D112F000E2B0F2 /* Translate.swift */; };
		634A60EE27D114F000E2B0F2 /* TranslateData.swift in Sources */ = {isa = PBXBuildFile; fileRef = 634A60ED27D114F000E2B0F2 /* TranslateData.swift */; };
		634E463C286B2D9E00512D6C /* Reach.swift in Sources */ = {isa = PBXBuildFile; fileRef = 634E463B286B2D9E00512D6C /* Reach.swift */; };
		635FAC7127849F68004D2218 /* Assets.xcassets in Resources */ = {isa = PBXBuildFile; fileRef = 635FAC7027849F68004D2218 /* Assets.xcassets */; };
		637EE90227D6569000DA542A /* MockURLProtocol.swift in Sources */ = {isa = PBXBuildFile; fileRef = 637EE90127D6569000DA542A /* MockURLProtocol.swift */; };
		63B3172C2784A793006FD977 /* coolvetica rg.otf in Resources */ = {isa = PBXBuildFile; fileRef = 63B3172B2784A793006FD977 /* coolvetica rg.otf */; };
		63B3172E2784A8D2006FD977 /* theboldfont.ttf in Resources */ = {isa = PBXBuildFile; fileRef = 63B3172D2784A8D2006FD977 /* theboldfont.ttf */; };
		63B317302784A957006FD977 /* LEMONMILK-Bold.otf in Resources */ = {isa = PBXBuildFile; fileRef = 63B3172F2784A957006FD977 /* LEMONMILK-Bold.otf */; };
		63C6366527C7D0EC003F7E28 /* Weather.json in Resources */ = {isa = PBXBuildFile; fileRef = 63C6366427C7D0EC003F7E28 /* Weather.json */; };
		63C6366827C7D20A003F7E28 /* WeatherFakeResponseData.swift in Sources */ = {isa = PBXBuildFile; fileRef = 63C6366727C7D20A003F7E28 /* WeatherFakeResponseData.swift */; };
		63D377A727D12F3400B9D243 /* CurrencyServiceTest.swift in Sources */ = {isa = PBXBuildFile; fileRef = 63D377A627D12F3400B9D243 /* CurrencyServiceTest.swift */; };
		63D377A927D12F6F00B9D243 /* CurrencyFakeResponseData.swift in Sources */ = {isa = PBXBuildFile; fileRef = 63D377A827D12F6F00B9D243 /* CurrencyFakeResponseData.swift */; };
		63D377AB27D1304200B9D243 /* Currency.json in Resources */ = {isa = PBXBuildFile; fileRef = 63D377AA27D1304200B9D243 /* Currency.json */; };
		63D377AD27D1318C00B9D243 /* TranslateServiceTest.swift in Sources */ = {isa = PBXBuildFile; fileRef = 63D377AC27D1318C00B9D243 /* TranslateServiceTest.swift */; };
		63D377AF27D131A400B9D243 /* TranslateFakeResponseData.swift in Sources */ = {isa = PBXBuildFile; fileRef = 63D377AE27D131A400B9D243 /* TranslateFakeResponseData.swift */; };
		63D377B127D131D900B9D243 /* Translate.json in Resources */ = {isa = PBXBuildFile; fileRef = 63D377B027D131D900B9D243 /* Translate.json */; };
		63E2AEFF27565A35002A1CB4 /* WeatherService.swift in Sources */ = {isa = PBXBuildFile; fileRef = 63E2AEFE27565A35002A1CB4 /* WeatherService.swift */; };
		63E352FC27D0DB9C00A833DC /* Weather.swift in Sources */ = {isa = PBXBuildFile; fileRef = 63E352FB27D0DB9C00A833DC /* Weather.swift */; };
/* End PBXBuildFile section */

/* Begin PBXContainerItemProxy section */
		633C1230275503A2006CA6D7 /* PBXContainerItemProxy */ = {
			isa = PBXContainerItemProxy;
			containerPortal = 633C1211275503A1006CA6D7 /* Project object */;
			proxyType = 1;
			remoteGlobalIDString = 633C1218275503A1006CA6D7;
			remoteInfo = Baluchon;
		};
		633C123A275503A2006CA6D7 /* PBXContainerItemProxy */ = {
			isa = PBXContainerItemProxy;
			containerPortal = 633C1211275503A1006CA6D7 /* Project object */;
			proxyType = 1;
			remoteGlobalIDString = 633C1218275503A1006CA6D7;
			remoteInfo = Baluchon;
		};
/* End PBXContainerItemProxy section */

/* Begin PBXFileReference section */
		631146F327BCEBDE00FCC596 /* TranslateService.swift */ = {isa = PBXFileReference; lastKnownFileType = sourcecode.swift; path = TranslateService.swift; sourceTree = "<group>"; };
		633C1219275503A1006CA6D7 /* Baluchon.app */ = {isa = PBXFileReference; explicitFileType = wrapper.application; includeInIndex = 0; path = Baluchon.app; sourceTree = BUILT_PRODUCTS_DIR; };
		633C121C275503A1006CA6D7 /* AppDelegate.swift */ = {isa = PBXFileReference; lastKnownFileType = sourcecode.swift; path = AppDelegate.swift; sourceTree = "<group>"; };
		633C121E275503A1006CA6D7 /* SceneDelegate.swift */ = {isa = PBXFileReference; lastKnownFileType = sourcecode.swift; path = SceneDelegate.swift; sourceTree = "<group>"; };
		633C1220275503A1006CA6D7 /* ViewController.swift */ = {isa = PBXFileReference; lastKnownFileType = sourcecode.swift; path = ViewController.swift; sourceTree = "<group>"; };
		633C1223275503A1006CA6D7 /* Base */ = {isa = PBXFileReference; lastKnownFileType = file.storyboard; name = Base; path = Base.lproj/Main.storyboard; sourceTree = "<group>"; };
		633C1228275503A2006CA6D7 /* Base */ = {isa = PBXFileReference; lastKnownFileType = file.storyboard; name = Base; path = Base.lproj/LaunchScreen.storyboard; sourceTree = "<group>"; };
		633C122A275503A2006CA6D7 /* Info.plist */ = {isa = PBXFileReference; lastKnownFileType = text.plist.xml; path = Info.plist; sourceTree = "<group>"; };
		633C122F275503A2006CA6D7 /* BaluchonTests.xctest */ = {isa = PBXFileReference; explicitFileType = wrapper.cfbundle; includeInIndex = 0; path = BaluchonTests.xctest; sourceTree = BUILT_PRODUCTS_DIR; };
		633C1233275503A2006CA6D7 /* WeatherServiceTest.swift */ = {isa = PBXFileReference; lastKnownFileType = sourcecode.swift; path = WeatherServiceTest.swift; sourceTree = "<group>"; };
		633C1239275503A2006CA6D7 /* BaluchonUITests.xctest */ = {isa = PBXFileReference; explicitFileType = wrapper.cfbundle; includeInIndex = 0; path = BaluchonUITests.xctest; sourceTree = BUILT_PRODUCTS_DIR; };
		633C123D275503A2006CA6D7 /* BaluchonUITests.swift */ = {isa = PBXFileReference; lastKnownFileType = sourcecode.swift; path = BaluchonUITests.swift; sourceTree = "<group>"; };
		633C123F275503A2006CA6D7 /* BaluchonUITestsLaunchTests.swift */ = {isa = PBXFileReference; lastKnownFileType = sourcecode.swift; path = BaluchonUITestsLaunchTests.swift; sourceTree = "<group>"; };
		633C124C2755056E006CA6D7 /* TranslateViewController.swift */ = {isa = PBXFileReference; lastKnownFileType = sourcecode.swift; path = TranslateViewController.swift; sourceTree = "<group>"; };
		633C124E275505D1006CA6D7 /* CurrencyViewController.swift */ = {isa = PBXFileReference; lastKnownFileType = sourcecode.swift; path = CurrencyViewController.swift; sourceTree = "<group>"; };
		633C1252275507A0006CA6D7 /* WeatherViewController.swift */ = {isa = PBXFileReference; lastKnownFileType = sourcecode.swift; path = WeatherViewController.swift; sourceTree = "<group>"; };
		633C125727550A00006CA6D7 /* CurrencyService.swift */ = {isa = PBXFileReference; lastKnownFileType = sourcecode.swift; path = CurrencyService.swift; sourceTree = "<group>"; };
		634A60E327D10E6D00E2B0F2 /* WeatherData.swift */ = {isa = PBXFileReference; lastKnownFileType = sourcecode.swift; path = WeatherData.swift; sourceTree = "<group>"; };
		634A60E727D1105D00E2B0F2 /* Currency.swift */ = {isa = PBXFileReference; lastKnownFileType = sourcecode.swift; path = Currency.swift; sourceTree = "<group>"; };
		634A60E927D1127C00E2B0F2 /* CurrencyData.swift */ = {isa = PBXFileReference; lastKnownFileType = sourcecode.swift; path = CurrencyData.swift; sourceTree = "<group>"; };
		634A60EB27D112F000E2B0F2 /* Translate.swift */ = {isa = PBXFileReference; lastKnownFileType = sourcecode.swift; path = Translate.swift; sourceTree = "<group>"; };
		634A60ED27D114F000E2B0F2 /* TranslateData.swift */ = {isa = PBXFileReference; lastKnownFileType = sourcecode.swift; path = TranslateData.swift; sourceTree = "<group>"; };
		634E463B286B2D9E00512D6C /* Reach.swift */ = {isa = PBXFileReference; lastKnownFileType = sourcecode.swift; path = Reach.swift; sourceTree = "<group>"; };
		635FAC7027849F68004D2218 /* Assets.xcassets */ = {isa = PBXFileReference; lastKnownFileType = folder.assetcatalog; path = Assets.xcassets; sourceTree = "<group>"; };
		637EE90127D6569000DA542A /* MockURLProtocol.swift */ = {isa = PBXFileReference; lastKnownFileType = sourcecode.swift; path = MockURLProtocol.swift; sourceTree = "<group>"; };
		63B3172B2784A793006FD977 /* coolvetica rg.otf */ = {isa = PBXFileReference; lastKnownFileType = file; path = "coolvetica rg.otf"; sourceTree = "<group>"; };
		63B3172D2784A8D2006FD977 /* theboldfont.ttf */ = {isa = PBXFileReference; lastKnownFileType = file; path = theboldfont.ttf; sourceTree = "<group>"; };
		63B3172F2784A957006FD977 /* LEMONMILK-Bold.otf */ = {isa = PBXFileReference; lastKnownFileType = file; path = "LEMONMILK-Bold.otf"; sourceTree = "<group>"; };
		63C6366427C7D0EC003F7E28 /* Weather.json */ = {isa = PBXFileReference; lastKnownFileType = text.json; path = Weather.json; sourceTree = "<group>"; };
		63C6366727C7D20A003F7E28 /* WeatherFakeResponseData.swift */ = {isa = PBXFileReference; lastKnownFileType = sourcecode.swift; path = WeatherFakeResponseData.swift; sourceTree = "<group>"; };
		63D377A627D12F3400B9D243 /* CurrencyServiceTest.swift */ = {isa = PBXFileReference; lastKnownFileType = sourcecode.swift; path = CurrencyServiceTest.swift; sourceTree = "<group>"; };
		63D377A827D12F6F00B9D243 /* CurrencyFakeResponseData.swift */ = {isa = PBXFileReference; lastKnownFileType = sourcecode.swift; path = CurrencyFakeResponseData.swift; sourceTree = "<group>"; };
		63D377AA27D1304200B9D243 /* Currency.json */ = {isa = PBXFileReference; lastKnownFileType = text.json; path = Currency.json; sourceTree = "<group>"; };
		63D377AC27D1318C00B9D243 /* TranslateServiceTest.swift */ = {isa = PBXFileReference; lastKnownFileType = sourcecode.swift; path = TranslateServiceTest.swift; sourceTree = "<group>"; };
		63D377AE27D131A400B9D243 /* TranslateFakeResponseData.swift */ = {isa = PBXFileReference; lastKnownFileType = sourcecode.swift; path = TranslateFakeResponseData.swift; sourceTree = "<group>"; };
		63D377B027D131D900B9D243 /* Translate.json */ = {isa = PBXFileReference; lastKnownFileType = text.json; path = Translate.json; sourceTree = "<group>"; };
		63E2AEFE27565A35002A1CB4 /* WeatherService.swift */ = {isa = PBXFileReference; lastKnownFileType = sourcecode.swift; path = WeatherService.swift; sourceTree = "<group>"; };
		63E352FB27D0DB9C00A833DC /* Weather.swift */ = {isa = PBXFileReference; lastKnownFileType = sourcecode.swift; path = Weather.swift; sourceTree = "<group>"; };
/* End PBXFileReference section */

/* Begin PBXFrameworksBuildPhase section */
		633C1216275503A1006CA6D7 /* Frameworks */ = {
			isa = PBXFrameworksBuildPhase;
			buildActionMask = 2147483647;
			files = (
			);
			runOnlyForDeploymentPostprocessing = 0;
		};
		633C122C275503A2006CA6D7 /* Frameworks */ = {
			isa = PBXFrameworksBuildPhase;
			buildActionMask = 2147483647;
			files = (
			);
			runOnlyForDeploymentPostprocessing = 0;
		};
		633C1236275503A2006CA6D7 /* Frameworks */ = {
			isa = PBXFrameworksBuildPhase;
			buildActionMask = 2147483647;
			files = (
			);
			runOnlyForDeploymentPostprocessing = 0;
		};
/* End PBXFrameworksBuildPhase section */

/* Begin PBXGroup section */
		633C1210275503A1006CA6D7 = {
			isa = PBXGroup;
			children = (
				633C121B275503A1006CA6D7 /* Baluchon */,
				633C1232275503A2006CA6D7 /* BaluchonTests */,
				633C123C275503A2006CA6D7 /* BaluchonUITests */,
				633C121A275503A1006CA6D7 /* Products */,
			);
			sourceTree = "<group>";
		};
		633C121A275503A1006CA6D7 /* Products */ = {
			isa = PBXGroup;
			children = (
				633C1219275503A1006CA6D7 /* Baluchon.app */,
				633C122F275503A2006CA6D7 /* BaluchonTests.xctest */,
				633C1239275503A2006CA6D7 /* BaluchonUITests.xctest */,
			);
			name = Products;
			sourceTree = "<group>";
		};
		633C121B275503A1006CA6D7 /* Baluchon */ = {
			isa = PBXGroup;
			children = (
				63B847982785E6FC00A9F572 /* Fonts */,
				633C125627550979006CA6D7 /* Controller */,
				633C125527550971006CA6D7 /* View */,
				633C125427550965006CA6D7 /* Model */,
				633C121C275503A1006CA6D7 /* AppDelegate.swift */,
				633C121E275503A1006CA6D7 /* SceneDelegate.swift */,
				633C1220275503A1006CA6D7 /* ViewController.swift */,
				633C122A275503A2006CA6D7 /* Info.plist */,
			);
			path = Baluchon;
			sourceTree = "<group>";
		};
		633C1232275503A2006CA6D7 /* BaluchonTests */ = {
			isa = PBXGroup;
			children = (
				63D377A527D12F0000B9D243 /* TranslateTest */,
				63D377A427D12EF500B9D243 /* CurrencyTest */,
				63C6366627C7D1FA003F7E28 /* WeatherTest */,
				637EE90127D6569000DA542A /* MockURLProtocol.swift */,
			);
			path = BaluchonTests;
			sourceTree = "<group>";
		};
		633C123C275503A2006CA6D7 /* BaluchonUITests */ = {
			isa = PBXGroup;
			children = (
				633C123D275503A2006CA6D7 /* BaluchonUITests.swift */,
				633C123F275503A2006CA6D7 /* BaluchonUITestsLaunchTests.swift */,
			);
			path = BaluchonUITests;
			sourceTree = "<group>";
		};
		633C125427550965006CA6D7 /* Model */ = {
			isa = PBXGroup;
			children = (
				634A603C27D16B5800D0BA0D /* Service */,
				634A60E627D10FA300E2B0F2 /* Translate */,
				634A60E527D10F9A00E2B0F2 /* Currency */,
				634A60E227D10E4900E2B0F2 /* Weather */,
				634E463B286B2D9E00512D6C /* Reach.swift */,
			);
			path = Model;
			sourceTree = "<group>";
		};
		633C125527550971006CA6D7 /* View */ = {
			isa = PBXGroup;
			children = (
				633C1222275503A1006CA6D7 /* Main.storyboard */,
				635FAC7027849F68004D2218 /* Assets.xcassets */,
				633C1227275503A2006CA6D7 /* LaunchScreen.storyboard */,
			);
			path = View;
			sourceTree = "<group>";
		};
		633C125627550979006CA6D7 /* Controller */ = {
			isa = PBXGroup;
			children = (
				633C1252275507A0006CA6D7 /* WeatherViewController.swift */,
				633C124C2755056E006CA6D7 /* TranslateViewController.swift */,
				633C124E275505D1006CA6D7 /* CurrencyViewController.swift */,
			);
			path = Controller;
			sourceTree = "<group>";
		};
		634A603C27D16B5800D0BA0D /* Service */ = {
			isa = PBXGroup;
			children = (
				631146F327BCEBDE00FCC596 /* TranslateService.swift */,
				63E2AEFE27565A35002A1CB4 /* WeatherService.swift */,
				633C125727550A00006CA6D7 /* CurrencyService.swift */,
			);
			path = Service;
			sourceTree = "<group>";
		};
		634A60E227D10E4900E2B0F2 /* Weather */ = {
			isa = PBXGroup;
			children = (
				63E352FB27D0DB9C00A833DC /* Weather.swift */,
				634A60E327D10E6D00E2B0F2 /* WeatherData.swift */,
			);
			path = Weather;
			sourceTree = "<group>";
		};
		634A60E527D10F9A00E2B0F2 /* Currency */ = {
			isa = PBXGroup;
			children = (
				634A60E727D1105D00E2B0F2 /* Currency.swift */,
				634A60E927D1127C00E2B0F2 /* CurrencyData.swift */,
			);
			path = Currency;
			sourceTree = "<group>";
		};
		634A60E627D10FA300E2B0F2 /* Translate */ = {
			isa = PBXGroup;
			children = (
				634A60EB27D112F000E2B0F2 /* Translate.swift */,
				634A60ED27D114F000E2B0F2 /* TranslateData.swift */,
			);
			path = Translate;
			sourceTree = "<group>";
		};
		63B847982785E6FC00A9F572 /* Fonts */ = {
			isa = PBXGroup;
			children = (
				63B3172B2784A793006FD977 /* coolvetica rg.otf */,
				63B3172F2784A957006FD977 /* LEMONMILK-Bold.otf */,
				63B3172D2784A8D2006FD977 /* theboldfont.ttf */,
			);
			path = Fonts;
			sourceTree = "<group>";
		};
		63C6366627C7D1FA003F7E28 /* WeatherTest */ = {
			isa = PBXGroup;
			children = (
				63C6366427C7D0EC003F7E28 /* Weather.json */,
				633C1233275503A2006CA6D7 /* WeatherServiceTest.swift */,
				63C6366727C7D20A003F7E28 /* WeatherFakeResponseData.swift */,
			);
			path = WeatherTest;
			sourceTree = "<group>";
		};
		63D377A427D12EF500B9D243 /* CurrencyTest */ = {
			isa = PBXGroup;
			children = (
				63D377A627D12F3400B9D243 /* CurrencyServiceTest.swift */,
				63D377A827D12F6F00B9D243 /* CurrencyFakeResponseData.swift */,
				63D377AA27D1304200B9D243 /* Currency.json */,
			);
			path = CurrencyTest;
			sourceTree = "<group>";
		};
		63D377A527D12F0000B9D243 /* TranslateTest */ = {
			isa = PBXGroup;
			children = (
				63D377AC27D1318C00B9D243 /* TranslateServiceTest.swift */,
				63D377AE27D131A400B9D243 /* TranslateFakeResponseData.swift */,
				63D377B027D131D900B9D243 /* Translate.json */,
			);
			path = TranslateTest;
			sourceTree = "<group>";
		};
/* End PBXGroup section */

/* Begin PBXNativeTarget section */
		633C1218275503A1006CA6D7 /* Baluchon */ = {
			isa = PBXNativeTarget;
			buildConfigurationList = 633C1243275503A2006CA6D7 /* Build configuration list for PBXNativeTarget "Baluchon" */;
			buildPhases = (
				633C1215275503A1006CA6D7 /* Sources */,
				633C1216275503A1006CA6D7 /* Frameworks */,
				633C1217275503A1006CA6D7 /* Resources */,
			);
			buildRules = (
			);
			dependencies = (
			);
			name = Baluchon;
			productName = Baluchon;
			productReference = 633C1219275503A1006CA6D7 /* Baluchon.app */;
			productType = "com.apple.product-type.application";
		};
		633C122E275503A2006CA6D7 /* BaluchonTests */ = {
			isa = PBXNativeTarget;
			buildConfigurationList = 633C1246275503A2006CA6D7 /* Build configuration list for PBXNativeTarget "BaluchonTests" */;
			buildPhases = (
				633C122B275503A2006CA6D7 /* Sources */,
				633C122C275503A2006CA6D7 /* Frameworks */,
				633C122D275503A2006CA6D7 /* Resources */,
			);
			buildRules = (
			);
			dependencies = (
				633C1231275503A2006CA6D7 /* PBXTargetDependency */,
			);
			name = BaluchonTests;
			productName = BaluchonTests;
			productReference = 633C122F275503A2006CA6D7 /* BaluchonTests.xctest */;
			productType = "com.apple.product-type.bundle.unit-test";
		};
		633C1238275503A2006CA6D7 /* BaluchonUITests */ = {
			isa = PBXNativeTarget;
			buildConfigurationList = 633C1249275503A2006CA6D7 /* Build configuration list for PBXNativeTarget "BaluchonUITests" */;
			buildPhases = (
				633C1235275503A2006CA6D7 /* Sources */,
				633C1236275503A2006CA6D7 /* Frameworks */,
				633C1237275503A2006CA6D7 /* Resources */,
			);
			buildRules = (
			);
			dependencies = (
				633C123B275503A2006CA6D7 /* PBXTargetDependency */,
			);
			name = BaluchonUITests;
			productName = BaluchonUITests;
			productReference = 633C1239275503A2006CA6D7 /* BaluchonUITests.xctest */;
			productType = "com.apple.product-type.bundle.ui-testing";
		};
/* End PBXNativeTarget section */

/* Begin PBXProject section */
		633C1211275503A1006CA6D7 /* Project object */ = {
			isa = PBXProject;
			attributes = {
				BuildIndependentTargetsInParallel = 1;
				LastSwiftUpdateCheck = 1310;
				LastUpgradeCheck = 1310;
				TargetAttributes = {
					633C1218275503A1006CA6D7 = {
						CreatedOnToolsVersion = 13.1;
					};
					633C122E275503A2006CA6D7 = {
						CreatedOnToolsVersion = 13.1;
						TestTargetID = 633C1218275503A1006CA6D7;
					};
					633C1238275503A2006CA6D7 = {
						CreatedOnToolsVersion = 13.1;
						TestTargetID = 633C1218275503A1006CA6D7;
					};
				};
			};
			buildConfigurationList = 633C1214275503A1006CA6D7 /* Build configuration list for PBXProject "Baluchon" */;
			compatibilityVersion = "Xcode 13.0";
			developmentRegion = en;
			hasScannedForEncodings = 0;
			knownRegions = (
				en,
				Base,
			);
			mainGroup = 633C1210275503A1006CA6D7;
			productRefGroup = 633C121A275503A1006CA6D7 /* Products */;
			projectDirPath = "";
			projectRoot = "";
			targets = (
				633C1218275503A1006CA6D7 /* Baluchon */,
				633C122E275503A2006CA6D7 /* BaluchonTests */,
				633C1238275503A2006CA6D7 /* BaluchonUITests */,
			);
		};
/* End PBXProject section */

/* Begin PBXResourcesBuildPhase section */
		633C1217275503A1006CA6D7 /* Resources */ = {
			isa = PBXResourcesBuildPhase;
			buildActionMask = 2147483647;
			files = (
				633C1229275503A2006CA6D7 /* LaunchScreen.storyboard in Resources */,
				635FAC7127849F68004D2218 /* Assets.xcassets in Resources */,
				63B3172C2784A793006FD977 /* coolvetica rg.otf in Resources */,
				63B317302784A957006FD977 /* LEMONMILK-Bold.otf in Resources */,
				633C1224275503A1006CA6D7 /* Main.storyboard in Resources */,
				63B3172E2784A8D2006FD977 /* theboldfont.ttf in Resources */,
			);
			runOnlyForDeploymentPostprocessing = 0;
		};
		633C122D275503A2006CA6D7 /* Resources */ = {
			isa = PBXResourcesBuildPhase;
			buildActionMask = 2147483647;
			files = (
				63D377AB27D1304200B9D243 /* Currency.json in Resources */,
				63D377B127D131D900B9D243 /* Translate.json in Resources */,
				63C6366527C7D0EC003F7E28 /* Weather.json in Resources */,
			);
			runOnlyForDeploymentPostprocessing = 0;
		};
		633C1237275503A2006CA6D7 /* Resources */ = {
			isa = PBXResourcesBuildPhase;
			buildActionMask = 2147483647;
			files = (
			);
			runOnlyForDeploymentPostprocessing = 0;
		};
/* End PBXResourcesBuildPhase section */

/* Begin PBXSourcesBuildPhase section */
		633C1215275503A1006CA6D7 /* Sources */ = {
			isa = PBXSourcesBuildPhase;
			buildActionMask = 2147483647;
			files = (
				634A60EE27D114F000E2B0F2 /* TranslateData.swift in Sources */,
				63E2AEFF27565A35002A1CB4 /* WeatherService.swift in Sources */,
				634A60E827D1105D00E2B0F2 /* Currency.swift in Sources */,
				633C1221275503A1006CA6D7 /* ViewController.swift in Sources */,
				633C1253275507A0006CA6D7 /* WeatherViewController.swift in Sources */,
				634A60EA27D1127C00E2B0F2 /* CurrencyData.swift in Sources */,
				634A60E427D10E6D00E2B0F2 /* WeatherData.swift in Sources */,
				631146F427BCEBDE00FCC596 /* TranslateService.swift in Sources */,
				63E352FC27D0DB9C00A833DC /* Weather.swift in Sources */,
				634E463C286B2D9E00512D6C /* Reach.swift in Sources */,
				633C124D2755056E006CA6D7 /* TranslateViewController.swift in Sources */,
				633C124F275505D1006CA6D7 /* CurrencyViewController.swift in Sources */,
				634A60EC27D112F000E2B0F2 /* Translate.swift in Sources */,
				633C121D275503A1006CA6D7 /* AppDelegate.swift in Sources */,
				633C125827550A00006CA6D7 /* CurrencyService.swift in Sources */,
				633C121F275503A1006CA6D7 /* SceneDelegate.swift in Sources */,
			);
			runOnlyForDeploymentPostprocessing = 0;
		};
		633C122B275503A2006CA6D7 /* Sources */ = {
			isa = PBXSourcesBuildPhase;
			buildActionMask = 2147483647;
			files = (
				63D377AF27D131A400B9D243 /* TranslateFakeResponseData.swift in Sources */,
				63D377A727D12F3400B9D243 /* CurrencyServiceTest.swift in Sources */,
				633C1234275503A2006CA6D7 /* WeatherServiceTest.swift in Sources */,
				63D377A927D12F6F00B9D243 /* CurrencyFakeResponseData.swift in Sources */,
				63D377AD27D1318C00B9D243 /* TranslateServiceTest.swift in Sources */,
				63C6366827C7D20A003F7E28 /* WeatherFakeResponseData.swift in Sources */,
				637EE90227D6569000DA542A /* MockURLProtocol.swift in Sources */,
			);
			runOnlyForDeploymentPostprocessing = 0;
		};
		633C1235275503A2006CA6D7 /* Sources */ = {
			isa = PBXSourcesBuildPhase;
			buildActionMask = 2147483647;
			files = (
				633C1240275503A2006CA6D7 /* BaluchonUITestsLaunchTests.swift in Sources */,
				633C123E275503A2006CA6D7 /* BaluchonUITests.swift in Sources */,
			);
			runOnlyForDeploymentPostprocessing = 0;
		};
/* End PBXSourcesBuildPhase section */

/* Begin PBXTargetDependency section */
		633C1231275503A2006CA6D7 /* PBXTargetDependency */ = {
			isa = PBXTargetDependency;
			target = 633C1218275503A1006CA6D7 /* Baluchon */;
			targetProxy = 633C1230275503A2006CA6D7 /* PBXContainerItemProxy */;
		};
		633C123B275503A2006CA6D7 /* PBXTargetDependency */ = {
			isa = PBXTargetDependency;
			target = 633C1218275503A1006CA6D7 /* Baluchon */;
			targetProxy = 633C123A275503A2006CA6D7 /* PBXContainerItemProxy */;
		};
/* End PBXTargetDependency section */

/* Begin PBXVariantGroup section */
		633C1222275503A1006CA6D7 /* Main.storyboard */ = {
			isa = PBXVariantGroup;
			children = (
				633C1223275503A1006CA6D7 /* Base */,
			);
			name = Main.storyboard;
			sourceTree = "<group>";
		};
		633C1227275503A2006CA6D7 /* LaunchScreen.storyboard */ = {
			isa = PBXVariantGroup;
			children = (
				633C1228275503A2006CA6D7 /* Base */,
			);
			name = LaunchScreen.storyboard;
			sourceTree = "<group>";
		};
/* End PBXVariantGroup section */

/* Begin XCBuildConfiguration section */
		633C1241275503A2006CA6D7 /* Debug */ = {
			isa = XCBuildConfiguration;
			buildSettings = {
				ALWAYS_SEARCH_USER_PATHS = NO;
				CLANG_ANALYZER_NONNULL = YES;
				CLANG_ANALYZER_NUMBER_OBJECT_CONVERSION = YES_AGGRESSIVE;
				CLANG_CXX_LANGUAGE_STANDARD = "gnu++17";
				CLANG_CXX_LIBRARY = "libc++";
				CLANG_ENABLE_MODULES = YES;
				CLANG_ENABLE_OBJC_ARC = YES;
				CLANG_ENABLE_OBJC_WEAK = YES;
				CLANG_WARN_BLOCK_CAPTURE_AUTORELEASING = YES;
				CLANG_WARN_BOOL_CONVERSION = YES;
				CLANG_WARN_COMMA = YES;
				CLANG_WARN_CONSTANT_CONVERSION = YES;
				CLANG_WARN_DEPRECATED_OBJC_IMPLEMENTATIONS = YES;
				CLANG_WARN_DIRECT_OBJC_ISA_USAGE = YES_ERROR;
				CLANG_WARN_DOCUMENTATION_COMMENTS = YES;
				CLANG_WARN_EMPTY_BODY = YES;
				CLANG_WARN_ENUM_CONVERSION = YES;
				CLANG_WARN_INFINITE_RECURSION = YES;
				CLANG_WARN_INT_CONVERSION = YES;
				CLANG_WARN_NON_LITERAL_NULL_CONVERSION = YES;
				CLANG_WARN_OBJC_IMPLICIT_RETAIN_SELF = YES;
				CLANG_WARN_OBJC_LITERAL_CONVERSION = YES;
				CLANG_WARN_OBJC_ROOT_CLASS = YES_ERROR;
				CLANG_WARN_QUOTED_INCLUDE_IN_FRAMEWORK_HEADER = YES;
				CLANG_WARN_RANGE_LOOP_ANALYSIS = YES;
				CLANG_WARN_STRICT_PROTOTYPES = YES;
				CLANG_WARN_SUSPICIOUS_MOVE = YES;
				CLANG_WARN_UNGUARDED_AVAILABILITY = YES_AGGRESSIVE;
				CLANG_WARN_UNREACHABLE_CODE = YES;
				CLANG_WARN__DUPLICATE_METHOD_MATCH = YES;
				COPY_PHASE_STRIP = NO;
				DEBUG_INFORMATION_FORMAT = dwarf;
				ENABLE_STRICT_OBJC_MSGSEND = YES;
				ENABLE_TESTABILITY = YES;
				GCC_C_LANGUAGE_STANDARD = gnu11;
				GCC_DYNAMIC_NO_PIC = NO;
				GCC_NO_COMMON_BLOCKS = YES;
				GCC_OPTIMIZATION_LEVEL = 0;
				GCC_PREPROCESSOR_DEFINITIONS = (
					"DEBUG=1",
					"$(inherited)",
				);
				GCC_WARN_64_TO_32_BIT_CONVERSION = YES;
				GCC_WARN_ABOUT_RETURN_TYPE = YES_ERROR;
				GCC_WARN_UNDECLARED_SELECTOR = YES;
				GCC_WARN_UNINITIALIZED_AUTOS = YES_AGGRESSIVE;
				GCC_WARN_UNUSED_FUNCTION = YES;
				GCC_WARN_UNUSED_VARIABLE = YES;
				IPHONEOS_DEPLOYMENT_TARGET = 15.0;
				MTL_ENABLE_DEBUG_INFO = INCLUDE_SOURCE;
				MTL_FAST_MATH = YES;
				ONLY_ACTIVE_ARCH = YES;
				SDKROOT = iphoneos;
				SWIFT_ACTIVE_COMPILATION_CONDITIONS = DEBUG;
				SWIFT_OPTIMIZATION_LEVEL = "-Onone";
			};
			name = Debug;
		};
		633C1242275503A2006CA6D7 /* Release */ = {
			isa = XCBuildConfiguration;
			buildSettings = {
				ALWAYS_SEARCH_USER_PATHS = NO;
				CLANG_ANALYZER_NONNULL = YES;
				CLANG_ANALYZER_NUMBER_OBJECT_CONVERSION = YES_AGGRESSIVE;
				CLANG_CXX_LANGUAGE_STANDARD = "gnu++17";
				CLANG_CXX_LIBRARY = "libc++";
				CLANG_ENABLE_MODULES = YES;
				CLANG_ENABLE_OBJC_ARC = YES;
				CLANG_ENABLE_OBJC_WEAK = YES;
				CLANG_WARN_BLOCK_CAPTURE_AUTORELEASING = YES;
				CLANG_WARN_BOOL_CONVERSION = YES;
				CLANG_WARN_COMMA = YES;
				CLANG_WARN_CONSTANT_CONVERSION = YES;
				CLANG_WARN_DEPRECATED_OBJC_IMPLEMENTATIONS = YES;
				CLANG_WARN_DIRECT_OBJC_ISA_USAGE = YES_ERROR;
				CLANG_WARN_DOCUMENTATION_COMMENTS = YES;
				CLANG_WARN_EMPTY_BODY = YES;
				CLANG_WARN_ENUM_CONVERSION = YES;
				CLANG_WARN_INFINITE_RECURSION = YES;
				CLANG_WARN_INT_CONVERSION = YES;
				CLANG_WARN_NON_LITERAL_NULL_CONVERSION = YES;
				CLANG_WARN_OBJC_IMPLICIT_RETAIN_SELF = YES;
				CLANG_WARN_OBJC_LITERAL_CONVERSION = YES;
				CLANG_WARN_OBJC_ROOT_CLASS = YES_ERROR;
				CLANG_WARN_QUOTED_INCLUDE_IN_FRAMEWORK_HEADER = YES;
				CLANG_WARN_RANGE_LOOP_ANALYSIS = YES;
				CLANG_WARN_STRICT_PROTOTYPES = YES;
				CLANG_WARN_SUSPICIOUS_MOVE = YES;
				CLANG_WARN_UNGUARDED_AVAILABILITY = YES_AGGRESSIVE;
				CLANG_WARN_UNREACHABLE_CODE = YES;
				CLANG_WARN__DUPLICATE_METHOD_MATCH = YES;
				COPY_PHASE_STRIP = NO;
				DEBUG_INFORMATION_FORMAT = "dwarf-with-dsym";
				ENABLE_NS_ASSERTIONS = NO;
				ENABLE_STRICT_OBJC_MSGSEND = YES;
				GCC_C_LANGUAGE_STANDARD = gnu11;
				GCC_NO_COMMON_BLOCKS = YES;
				GCC_WARN_64_TO_32_BIT_CONVERSION = YES;
				GCC_WARN_ABOUT_RETURN_TYPE = YES_ERROR;
				GCC_WARN_UNDECLARED_SELECTOR = YES;
				GCC_WARN_UNINITIALIZED_AUTOS = YES_AGGRESSIVE;
				GCC_WARN_UNUSED_FUNCTION = YES;
				GCC_WARN_UNUSED_VARIABLE = YES;
				IPHONEOS_DEPLOYMENT_TARGET = 15.0;
				MTL_ENABLE_DEBUG_INFO = NO;
				MTL_FAST_MATH = YES;
				SDKROOT = iphoneos;
				SWIFT_COMPILATION_MODE = wholemodule;
				SWIFT_OPTIMIZATION_LEVEL = "-O";
				VALIDATE_PRODUCT = YES;
			};
			name = Release;
		};
		633C1244275503A2006CA6D7 /* Debug */ = {
			isa = XCBuildConfiguration;
			buildSettings = {
				ASSETCATALOG_COMPILER_APPICON_NAME = AppIcon;
				ASSETCATALOG_COMPILER_GLOBAL_ACCENT_COLOR_NAME = AccentColor;
				CODE_SIGN_STYLE = Automatic;
				CURRENT_PROJECT_VERSION = 1;
				DEVELOPMENT_TEAM = T2L78J4N3Z;
				GENERATE_INFOPLIST_FILE = YES;
				INFOPLIST_FILE = Baluchon/Info.plist;
				INFOPLIST_KEY_NSLocationWhenInUseUsageDescription = "We’ll use this to personalize your app experience";
				INFOPLIST_KEY_UIApplicationSupportsIndirectInputEvents = YES;
				INFOPLIST_KEY_UILaunchStoryboardName = LaunchScreen;
				INFOPLIST_KEY_UIMainStoryboardFile = Main;
				INFOPLIST_KEY_UISupportedInterfaceOrientations = UIInterfaceOrientationPortrait;
				INFOPLIST_KEY_UISupportedInterfaceOrientations_iPad = "UIInterfaceOrientationPortrait UIInterfaceOrientationPortraitUpsideDown UIInterfaceOrientationLandscapeLeft UIInterfaceOrientationLandscapeRight";
				INFOPLIST_KEY_UISupportedInterfaceOrientations_iPhone = "UIInterfaceOrientationPortrait UIInterfaceOrientationLandscapeLeft UIInterfaceOrientationLandscapeRight";
				LD_RUNPATH_SEARCH_PATHS = (
					"$(inherited)",
					"@executable_path/Frameworks",
				);
				MARKETING_VERSION = 1.0;
				PRODUCT_BUNDLE_IDENTIFIER = Thibault.Ballof.Baluchon;
				PRODUCT_NAME = "$(TARGET_NAME)";
				SWIFT_EMIT_LOC_STRINGS = YES;
				SWIFT_VERSION = 5.0;
				TARGETED_DEVICE_FAMILY = 1;
			};
			name = Debug;
		};
		633C1245275503A2006CA6D7 /* Release */ = {
			isa = XCBuildConfiguration;
			buildSettings = {
				ASSETCATALOG_COMPILER_APPICON_NAME = AppIcon;
				ASSETCATALOG_COMPILER_GLOBAL_ACCENT_COLOR_NAME = AccentColor;
				CODE_SIGN_STYLE = Automatic;
				CURRENT_PROJECT_VERSION = 1;
				DEVELOPMENT_TEAM = T2L78J4N3Z;
				GENERATE_INFOPLIST_FILE = YES;
				INFOPLIST_FILE = Baluchon/Info.plist;
				INFOPLIST_KEY_NSLocationWhenInUseUsageDescription = "We’ll use this to personalize your app experience";
				INFOPLIST_KEY_UIApplicationSupportsIndirectInputEvents = YES;
				INFOPLIST_KEY_UILaunchStoryboardName = LaunchScreen;
				INFOPLIST_KEY_UIMainStoryboardFile = Main;
				INFOPLIST_KEY_UISupportedInterfaceOrientations = UIInterfaceOrientationPortrait;
				INFOPLIST_KEY_UISupportedInterfaceOrientations_iPad = "UIInterfaceOrientationPortrait UIInterfaceOrientationPortraitUpsideDown UIInterfaceOrientationLandscapeLeft UIInterfaceOrientationLandscapeRight";
				INFOPLIST_KEY_UISupportedInterfaceOrientations_iPhone = "UIInterfaceOrientationPortrait UIInterfaceOrientationLandscapeLeft UIInterfaceOrientationLandscapeRight";
				LD_RUNPATH_SEARCH_PATHS = (
					"$(inherited)",
					"@executable_path/Frameworks",
				);
				MARKETING_VERSION = 1.0;
				PRODUCT_BUNDLE_IDENTIFIER = Thibault.Ballof.Baluchon;
				PRODUCT_NAME = "$(TARGET_NAME)";
				SWIFT_EMIT_LOC_STRINGS = YES;
				SWIFT_VERSION = 5.0;
				TARGETED_DEVICE_FAMILY = 1;
			};
			name = Release;
		};
		633C1247275503A2006CA6D7 /* Debug */ = {
			isa = XCBuildConfiguration;
			buildSettings = {
				ALWAYS_EMBED_SWIFT_STANDARD_LIBRARIES = YES;
				BUNDLE_LOADER = "$(TEST_HOST)";
				CODE_SIGN_STYLE = Automatic;
				CURRENT_PROJECT_VERSION = 1;
				GENERATE_INFOPLIST_FILE = YES;
				IPHONEOS_DEPLOYMENT_TARGET = 15.0;
				LD_RUNPATH_SEARCH_PATHS = (
					"$(inherited)",
					"@executable_path/Frameworks",
					"@loader_path/Frameworks",
				);
				MARKETING_VERSION = 1.0;
				PRODUCT_BUNDLE_IDENTIFIER = Thibault.Ballof.BaluchonTests;
				PRODUCT_NAME = "$(TARGET_NAME)";
				SWIFT_EMIT_LOC_STRINGS = NO;
				SWIFT_VERSION = 5.0;
				TARGETED_DEVICE_FAMILY = "1,2";
				TEST_HOST = "$(BUILT_PRODUCTS_DIR)/Baluchon.app/Baluchon";
			};
			name = Debug;
		};
		633C1248275503A2006CA6D7 /* Release */ = {
			isa = XCBuildConfiguration;
			buildSettings = {
				ALWAYS_EMBED_SWIFT_STANDARD_LIBRARIES = YES;
				BUNDLE_LOADER = "$(TEST_HOST)";
				CODE_SIGN_STYLE = Automatic;
				CURRENT_PROJECT_VERSION = 1;
				GENERATE_INFOPLIST_FILE = YES;
				IPHONEOS_DEPLOYMENT_TARGET = 15.0;
				LD_RUNPATH_SEARCH_PATHS = (
					"$(inherited)",
					"@executable_path/Frameworks",
					"@loader_path/Frameworks",
				);
				MARKETING_VERSION = 1.0;
				PRODUCT_BUNDLE_IDENTIFIER = Thibault.Ballof.BaluchonTests;
				PRODUCT_NAME = "$(TARGET_NAME)";
				SWIFT_EMIT_LOC_STRINGS = NO;
				SWIFT_VERSION = 5.0;
				TARGETED_DEVICE_FAMILY = "1,2";
				TEST_HOST = "$(BUILT_PRODUCTS_DIR)/Baluchon.app/Baluchon";
			};
			name = Release;
		};
		633C124A275503A2006CA6D7 /* Debug */ = {
			isa = XCBuildConfiguration;
			buildSettings = {
				ALWAYS_EMBED_SWIFT_STANDARD_LIBRARIES = YES;
				CODE_SIGN_STYLE = Automatic;
				CURRENT_PROJECT_VERSION = 1;
				GENERATE_INFOPLIST_FILE = YES;
				LD_RUNPATH_SEARCH_PATHS = (
					"$(inherited)",
					"@executable_path/Frameworks",
					"@loader_path/Frameworks",
				);
				MARKETING_VERSION = 1.0;
				PRODUCT_BUNDLE_IDENTIFIER = Thibault.Ballof.BaluchonUITests;
				PRODUCT_NAME = "$(TARGET_NAME)";
				SWIFT_EMIT_LOC_STRINGS = NO;
				SWIFT_VERSION = 5.0;
				TARGETED_DEVICE_FAMILY = "1,2";
				TEST_TARGET_NAME = Baluchon;
			};
			name = Debug;
		};
		633C124B275503A2006CA6D7 /* Release */ = {
			isa = XCBuildConfiguration;
			buildSettings = {
				ALWAYS_EMBED_SWIFT_STANDARD_LIBRARIES = YES;
				CODE_SIGN_STYLE = Automatic;
				CURRENT_PROJECT_VERSION = 1;
				GENERATE_INFOPLIST_FILE = YES;
				LD_RUNPATH_SEARCH_PATHS = (
					"$(inherited)",
					"@executable_path/Frameworks",
					"@loader_path/Frameworks",
				);
				MARKETING_VERSION = 1.0;
				PRODUCT_BUNDLE_IDENTIFIER = Thibault.Ballof.BaluchonUITests;
				PRODUCT_NAME = "$(TARGET_NAME)";
				SWIFT_EMIT_LOC_STRINGS = NO;
				SWIFT_VERSION = 5.0;
				TARGETED_DEVICE_FAMILY = "1,2";
				TEST_TARGET_NAME = Baluchon;
			};
			name = Release;
		};
/* End XCBuildConfiguration section */

/* Begin XCConfigurationList section */
		633C1214275503A1006CA6D7 /* Build configuration list for PBXProject "Baluchon" */ = {
			isa = XCConfigurationList;
			buildConfigurations = (
				633C1241275503A2006CA6D7 /* Debug */,
				633C1242275503A2006CA6D7 /* Release */,
			);
			defaultConfigurationIsVisible = 0;
			defaultConfigurationName = Release;
		};
		633C1243275503A2006CA6D7 /* Build configuration list for PBXNativeTarget "Baluchon" */ = {
			isa = XCConfigurationList;
			buildConfigurations = (
				633C1244275503A2006CA6D7 /* Debug */,
				633C1245275503A2006CA6D7 /* Release */,
			);
			defaultConfigurationIsVisible = 0;
			defaultConfigurationName = Release;
		};
		633C1246275503A2006CA6D7 /* Build configuration list for PBXNativeTarget "BaluchonTests" */ = {
			isa = XCConfigurationList;
			buildConfigurations = (
				633C1247275503A2006CA6D7 /* Debug */,
				633C1248275503A2006CA6D7 /* Release */,
			);
			defaultConfigurationIsVisible = 0;
			defaultConfigurationName = Release;
		};
		633C1249275503A2006CA6D7 /* Build configuration list for PBXNativeTarget "BaluchonUITests" */ = {
			isa = XCConfigurationList;
			buildConfigurations = (
				633C124A275503A2006CA6D7 /* Debug */,
				633C124B275503A2006CA6D7 /* Release */,
			);
			defaultConfigurationIsVisible = 0;
			defaultConfigurationName = Release;
		};
/* End XCConfigurationList section */
	};
	rootObject = 633C1211275503A1006CA6D7 /* Project object */;
}
